
Microsoft Visual Studio Solution File, Format Version 12.00
# Visual Studio Version 16
VisualStudioVersion = 16.0.29926.136
MinimumVisualStudioVersion = 15.0.26124.0
Project("{9A19103F-16F7-4668-BE54-9A1E7A4F7556}") = "Fls.Results", "Fls.Results\Fls.Results.csproj", "{817C2C4D-51B5-4114-ACA9-2411C71B9664}"
EndProject
Project("{9A19103F-16F7-4668-BE54-9A1E7A4F7556}") = "Fls.Results.Test", "Fls.Results.Test\Fls.Results.Test.csproj", "{82FABDD5-71DE-4A87-92FB-FC3F418DE4D9}"
EndProject
Project("{9A19103F-16F7-4668-BE54-9A1E7A4F7556}") = "_build", "..\build\_build.csproj", "{CFCB3867-6D85-4C44-AA35-A863FC30DA46}"
EndProject
Global
	GlobalSection(SolutionConfigurationPlatforms) = preSolution
		Debug|Any CPU = Debug|Any CPU
		Debug|x64 = Debug|x64
		Debug|x86 = Debug|x86
		Release|Any CPU = Release|Any CPU
		Release|x64 = Release|x64
		Release|x86 = Release|x86
	EndGlobalSection
	GlobalSection(ProjectConfigurationPlatforms) = postSolution
		{82FABDD5-71DE-4A87-92FB-FC3F418DE4D9}.Debug|Any CPU.ActiveCfg = Debug|Any CPU
		{82FABDD5-71DE-4A87-92FB-FC3F418DE4D9}.Debug|Any CPU.Build.0 = Debug|Any CPU
		{82FABDD5-71DE-4A87-92FB-FC3F418DE4D9}.Debug|x64.ActiveCfg = Debug|Any CPU
		{82FABDD5-71DE-4A87-92FB-FC3F418DE4D9}.Debug|x64.Build.0 = Debug|Any CPU
		{82FABDD5-71DE-4A87-92FB-FC3F418DE4D9}.Debug|x86.ActiveCfg = Debug|Any CPU
		{82FABDD5-71DE-4A87-92FB-FC3F418DE4D9}.Debug|x86.Build.0 = Debug|Any CPU
		{82FABDD5-71DE-4A87-92FB-FC3F418DE4D9}.Release|Any CPU.ActiveCfg = Release|Any CPU
		{82FABDD5-71DE-4A87-92FB-FC3F418DE4D9}.Release|Any CPU.Build.0 = Release|Any CPU
		{82FABDD5-71DE-4A87-92FB-FC3F418DE4D9}.Release|x64.ActiveCfg = Release|Any CPU
		{82FABDD5-71DE-4A87-92FB-FC3F418DE4D9}.Release|x64.Build.0 = Release|Any CPU
		{82FABDD5-71DE-4A87-92FB-FC3F418DE4D9}.Release|x86.ActiveCfg = Release|Any CPU
		{82FABDD5-71DE-4A87-92FB-FC3F418DE4D9}.Release|x86.Build.0 = Release|Any CPU
		{CFCB3867-6D85-4C44-AA35-A863FC30DA46}.Debug|Any CPU.ActiveCfg = Debug|Any CPU
		{CFCB3867-6D85-4C44-AA35-A863FC30DA46}.Debug|Any CPU.Build.0 = Debug|Any CPU
		{CFCB3867-6D85-4C44-AA35-A863FC30DA46}.Debug|x64.ActiveCfg = Debug|Any CPU
		{CFCB3867-6D85-4C44-AA35-A863FC30DA46}.Debug|x64.Build.0 = Debug|Any CPU
		{CFCB3867-6D85-4C44-AA35-A863FC30DA46}.Debug|x86.ActiveCfg = Debug|Any CPU
		{CFCB3867-6D85-4C44-AA35-A863FC30DA46}.Debug|x86.Build.0 = Debug|Any CPU
		{CFCB3867-6D85-4C44-AA35-A863FC30DA46}.Release|Any CPU.ActiveCfg = Release|Any CPU
		{CFCB3867-6D85-4C44-AA35-A863FC30DA46}.Release|Any CPU.Build.0 = Release|Any CPU
		{CFCB3867-6D85-4C44-AA35-A863FC30DA46}.Release|x64.ActiveCfg = Release|Any CPU
		{CFCB3867-6D85-4C44-AA35-A863FC30DA46}.Release|x64.Build.0 = Release|Any CPU
		{CFCB3867-6D85-4C44-AA35-A863FC30DA46}.Release|x86.ActiveCfg = Release|Any CPU
		{CFCB3867-6D85-4C44-AA35-A863FC30DA46}.Release|x86.Build.0 = Release|Any CPU
	EndGlobalSection
	GlobalSection(SolutionProperties) = preSolution
		HideSolutionNode = FALSE
	EndGlobalSection
	GlobalSection(ExtensibilityGlobals) = postSolution
		SolutionGuid = {655DEEC2-AB76-4944-A009-4AE6F80D570D}
	EndGlobalSection
EndGlobal
